
Microsoft Visual Studio Solution File, Format Version 12.00
# Visual Studio Version 17
VisualStudioVersion = 17.13.35931.197 d17.13
MinimumVisualStudioVersion = 10.0.40219.1
Project("{FAE04EC0-301F-11D3-BF4B-00C04F79EFBC}") = "TheDummyApp", "TheDummyApp\TheDummyApp.csproj", "{5290BE1F-03FB-498E-9DDE-DDAD42DBBC33}"
EndProject
Global
	GlobalSection(SolutionConfigurationPlatforms) = preSolution
		Debug|Any CPU = Debug|Any CPU
		Release|Any CPU = Release|Any CPU
	EndGlobalSection
	GlobalSection(ProjectConfigurationPlatforms) = postSolution
		{5290BE1F-03FB-498E-9DDE-DDAD42DBBC33}.Debug|Any CPU.ActiveCfg = Debug|Any CPU
		{5290BE1F-03FB-498E-9DDE-DDAD42DBBC33}.Debug|Any CPU.Build.0 = Debug|Any CPU
		{5290BE1F-03FB-498E-9DDE-DDAD42DBBC33}.Release|Any CPU.ActiveCfg = Release|Any CPU
		{5290BE1F-03FB-498E-9DDE-DDAD42DBBC33}.Release|Any CPU.Build.0 = Release|Any CPU
	EndGlobalSection
	GlobalSection(SolutionProperties) = preSolution
		HideSolutionNode = FALSE
	EndGlobalSection
	GlobalSection(ExtensibilityGlobals) = postSolution
		SolutionGuid = {90BF4A7F-7131-40F0-AA74-EF8BB2D26D05}
	EndGlobalSection
EndGlobal
